
Microsoft Visual Studio Solution File, Format Version 11.00
# Visual Studio 2010
Project("{FAE04EC0-301F-11D3-BF4B-00C04F79EFBC}") = "Cubo girando", "Assembly-CSharp.csproj", "{032F1EC6-EA36-BE99-75E3-7EAC2F8776CE}"
EndProject
Project("{FAE04EC0-301F-11D3-BF4B-00C04F79EFBC}") = "Cubo girando", "Assembly-CSharp-Editor.csproj", "{0B9BB230-DF0C-0356-CB4E-F16B2853258A}"
EndProject
Global
	GlobalSection(SolutionConfigurationPlatforms) = preSolution
		Debug|Any CPU = Debug|Any CPU
		Release|Any CPU = Release|Any CPU
	EndGlobalSection
	GlobalSection(ProjectConfigurationPlatforms) = postSolution
		{032F1EC6-EA36-BE99-75E3-7EAC2F8776CE}.Debug|Any CPU.ActiveCfg = Debug|Any CPU
		{032F1EC6-EA36-BE99-75E3-7EAC2F8776CE}.Debug|Any CPU.Build.0 = Debug|Any CPU
		{032F1EC6-EA36-BE99-75E3-7EAC2F8776CE}.Release|Any CPU.ActiveCfg = Release|Any CPU
		{032F1EC6-EA36-BE99-75E3-7EAC2F8776CE}.Release|Any CPU.Build.0 = Release|Any CPU
		{0B9BB230-DF0C-0356-CB4E-F16B2853258A}.Debug|Any CPU.ActiveCfg = Debug|Any CPU
		{0B9BB230-DF0C-0356-CB4E-F16B2853258A}.Debug|Any CPU.Build.0 = Debug|Any CPU
		{0B9BB230-DF0C-0356-CB4E-F16B2853258A}.Release|Any CPU.ActiveCfg = Release|Any CPU
		{0B9BB230-DF0C-0356-CB4E-F16B2853258A}.Release|Any CPU.Build.0 = Release|Any CPU
	EndGlobalSection
	GlobalSection(SolutionProperties) = preSolution
		HideSolutionNode = FALSE
	EndGlobalSection
	GlobalSection(MonoDevelopProperties) = preSolution
		StartupItem = Assembly-CSharp.csproj
	EndGlobalSection
EndGlobal
